schema: '2.0'
stages:
  prepare:
    cmd: python src/prepare.py
    deps:
    - path: src/prepare.py
      hash: md5
      md5: cf3cf9970d792bf56a81a6be71a533e1
      size: 264
    outs:
    - path: data/raw
      hash: md5
      md5: ef4a9fac2897e2992768d71dd539610a.dir
      size: 30869925
      nfiles: 1
  preprocess:
    cmd: python src/preprocess.py
    deps:
    - path: data/raw
      hash: md5
      md5: ef4a9fac2897e2992768d71dd539610a.dir
      size: 30869925
      nfiles: 1
    - path: src/preprocess.py
      hash: md5
      md5: afae36184e79cbeccfe52de9529939dd
      size: 687
    params:
      params.yaml:
        preprocess.seed: 42
        preprocess.test_size: 0.1
    outs:
    - path: data/processed
      hash: md5
      md5: 41339c75140af82c1888aa7ba897d891.dir
      size: 47448132
      nfiles: 1
  train:
    cmd: python src/train.py
    deps:
    - path: data/processed
      hash: md5
      md5: 41339c75140af82c1888aa7ba897d891.dir
      size: 47448132
      nfiles: 1
    - path: src/train.py
      hash: md5
      md5: 581e5a742e8e79f93af25fe00a67bdcb
      size: 898
    params:
      params.yaml:
        train.batch_size: 64
        train.dense_units: 256
        train.dropout_rate: 0.3
        train.epochs: 10
        train.learning_rate: 0.001
        train.seed: 42
    outs:
    - path: models/history.csv
      hash: md5
      md5: 31ac1e82eff41392debff9b9b3f647c0
      size: 810
    - path: models/model.h5
      hash: md5
      md5: dee6bc3ac7ccf3df9b134e913e7e0950
      size: 2466904
  evaluate:
    cmd: python src/evaluate.py
    deps:
    - path: data/processed
      hash: md5
      md5: 41339c75140af82c1888aa7ba897d891.dir
      size: 47448132
      nfiles: 1
    - path: models/model.h5
      hash: md5
      md5: dee6bc3ac7ccf3df9b134e913e7e0950
      size: 2466904
    - path: src/evaluate.py
      hash: md5
      md5: 8d181ce2db1d775dda0716ae5c6080f1
      size: 675
    outs:
    - path: metrics.json
      hash: md5
      md5: 631609a29dfc8c6fe810d9b10fd80ad8
      size: 80
    - path: reports/confusion_matrix.png
      hash: md5
      md5: a759fa0c62a3497bea4c25c5f84989fb
      size: 56274
